{
  "name": "1",
  "version": "1.0.0",
  "lockfileVersion": 1,
  "requires": true,
  "dependencies": {
    "wasm-flate": {
      "version": "1.0.2-browser",
      "resolved": "https://registry.npmjs.org/wasm-flate/-/wasm-flate-1.0.2-browser.tgz",
      "integrity": "sha512-qpqOzvbKtgG/2Mb0DYXVPQ2nOrkKYoAQtpr4QZzgO8SMfKieeODUy2vomMnimQjH/K2RGWnw+kZmO8yf+Yh9qA=="
    }
  }
}
